# This file is generated by running "yarn install" inside your project.
# Manual changes might be lost - proceed with caution!

__metadata:
  version: 5
  cacheKey: 8

"@types/node@npm:*, @types/node@npm:^17.0.2":
  version: 17.0.2
  resolution: "@types/node@npm:17.0.2"
  checksum: a827d2542ef7adba5c79ba7f85b7c2ba8256d317bd99d77ed7af237cfebae0034dff5c4182e1845e6fbef29ae4c78186c4b4a7dbf236037a04120783aa30ba74
  languageName: node
  linkType: hard

"@vercel/node@npm:^1.12.1":
  version: 1.12.1
  resolution: "@vercel/node@npm:1.12.1"
  dependencies:
    "@types/node": "*"
    ts-node: 8.9.1
    typescript: 4.3.4
  checksum: 15a0bae4af01e4eb96dfc4b097db70125a2945c606ab1290b4644484a242ddd262705bf4745cec016f2ca62649f8eb7079025f39027210d3aa0d7739d7509255
  languageName: node
  linkType: hard

"arg@npm:^4.1.0":
  version: 4.1.3
  resolution: "arg@npm:4.1.3"
  checksum: 544af8dd3f60546d3e4aff084d451b96961d2267d668670199692f8d054f0415d86fc5497d0e641e91546f0aa920e7c29e5250e99fc89f5552a34b5d93b77f43
  languageName: node
  linkType: hard

"buffer-from@npm:^1.0.0":
  version: 1.1.2
  resolution: "buffer-from@npm:1.1.2"
  checksum: 0448524a562b37d4d7ed9efd91685a5b77a50672c556ea254ac9a6d30e3403a517d8981f10e565db24e8339413b43c97ca2951f10e399c6125a0d8911f5679bb
  languageName: node
  linkType: hard

"bytes@npm:3.1.1":
  version: 3.1.1
  resolution: "bytes@npm:3.1.1"
  checksum: 949ab99a385d6acf4d2c69f1afc618615dc905936e0b0b9aa94a9e94d722baaba44d6a0851536585a0892ae4d462b5a270ccb1b04c774640742cbde5538ca328
  languageName: node
  linkType: hard

"depd@npm:~1.1.2":
  version: 1.1.2
  resolution: "depd@npm:1.1.2"
  checksum: 6b406620d269619852885ce15965272b829df6f409724415e0002c8632ab6a8c0a08ec1f0bd2add05dc7bd7507606f7e2cc034fa24224ab829580040b835ecd9
  languageName: node
  linkType: hard

"diff@npm:^4.0.1":
  version: 4.0.2
  resolution: "diff@npm:4.0.2"
  checksum: f2c09b0ce4e6b301c221addd83bf3f454c0bc00caa3dd837cf6c127d6edf7223aa2bbe3b688feea110b7f262adbfc845b757c44c8a9f8c0c5b15d8fa9ce9d20d
  languageName: node
  linkType: hard

"discord-api-types@npm:^0.25.2":
  version: 0.25.2
  resolution: "discord-api-types@npm:0.25.2"
  checksum: bb80a9db706d8ae391ab5eae4536827832ffe744b69659029597aaf90d9b9ece6e9642bd44eb3f38b32a3783ad1eebce378403fc785ca5405f8b71d8d32678a5
  languageName: node
  linkType: hard

"discord-interactions@npm:^2.4.1":
  version: 2.4.1
  resolution: "discord-interactions@npm:2.4.1"
  dependencies:
    tweetnacl: ^1.0.3
  checksum: e1750cf7230315581559017555ef0655006ee5ca38619b3e8a306d3f0ed76a30ba93b888c1fabc14ccc42ee9579f0fc7f331dc8382dcdddc797d2f8cfc1e5839
  languageName: node
  linkType: hard

"http-errors@npm:1.8.1":
  version: 1.8.1
  resolution: "http-errors@npm:1.8.1"
  dependencies:
    depd: ~1.1.2
    inherits: 2.0.4
    setprototypeof: 1.2.0
    statuses: ">= 1.5.0 < 2"
    toidentifier: 1.0.1
  checksum: d3c7e7e776fd51c0a812baff570bdf06fe49a5dc448b700ab6171b1250e4cf7db8b8f4c0b133e4bfe2451022a5790c1ca6c2cae4094dedd6ac8304a1267f91d2
  languageName: node
  linkType: hard

"http-status-codes@npm:^2.1.4":
  version: 2.1.4
  resolution: "http-status-codes@npm:2.1.4"
  checksum: 44fedd7b2cfe8672e647fd03a1baf6662a62e7bf1669a866404830e98853dc0239b5cd054938e562cdd7b8228a9a7bc0e27b0eacc6a07814b1639a9c518a7220
  languageName: node
  linkType: hard

"iconv-lite@npm:0.4.24":
  version: 0.4.24
  resolution: "iconv-lite@npm:0.4.24"
  dependencies:
    safer-buffer: ">= 2.1.2 < 3"
  checksum: bd9f120f5a5b306f0bc0b9ae1edeb1577161503f5f8252a20f1a9e56ef8775c9959fd01c55f2d3a39d9a8abaf3e30c1abeb1895f367dcbbe0a8fd1c9ca01c4f6
  languageName: node
  linkType: hard

"inherits@npm:2.0.4":
  version: 2.0.4
  resolution: "inherits@npm:2.0.4"
  checksum: 4a48a733847879d6cf6691860a6b1e3f0f4754176e4d71494c41f3475553768b10f84b5ce1d40fbd0e34e6bfbb864ee35858ad4dd2cf31e02fc4a154b724d7f1
  languageName: node
  linkType: hard

"make-error@npm:^1.1.1":
  version: 1.3.6
  resolution: "make-error@npm:1.3.6"
  checksum: b86e5e0e25f7f777b77fabd8e2cbf15737972869d852a22b7e73c17623928fccb826d8e46b9951501d3f20e51ad74ba8c59ed584f610526a48f8ccf88aaec402
  languageName: node
  linkType: hard

"minesweeper-bot@workspace:.":
  version: 0.0.0-use.local
  resolution: "minesweeper-bot@workspace:."
  dependencies:
    "@types/node": ^17.0.2
    "@vercel/node": ^1.12.1
    discord-api-types: ^0.25.2
    discord-interactions: ^2.4.1
    http-status-codes: ^2.1.4
    next-connect: ^0.11.0
    raw-body: ^2.4.2
    typescript: ^4.5.4
  languageName: unknown
  linkType: soft

"next-connect@npm:^0.11.0":
  version: 0.11.0
  resolution: "next-connect@npm:0.11.0"
  dependencies:
    trouter: ^3.1.0
  checksum: 0e5253b2e8fd3b722af2276022720affbcae29201e676d6aa4548b61f8036a56df83c08666c0457020029893c3f9565fc2040b2ce9aacc04eba0f64384f56e17
  languageName: node
  linkType: hard

"raw-body@npm:^2.4.2":
  version: 2.4.2
  resolution: "raw-body@npm:2.4.2"
  dependencies:
    bytes: 3.1.1
    http-errors: 1.8.1
    iconv-lite: 0.4.24
    unpipe: 1.0.0
  checksum: c6f8d6a75c65c0a047f888cb29efc97f60fb36e950ba2cb31fefce694f98186e844a03367920faa7dc5bffaf33df08aee0b9dd935280e366439fa6492a5b163e
  languageName: node
  linkType: hard

"regexparam@npm:^1.3.0":
  version: 1.3.0
  resolution: "regexparam@npm:1.3.0"
  checksum: ea6449d9984392cdf401d3d9b722a56357224fba7e9fdf2887f1901e0d3a838052d3b92b30f2276047bf5d5b6a1a90b7dff6aa1c89599b246a86285e7e3e3fd4
  languageName: node
  linkType: hard

"safer-buffer@npm:>= 2.1.2 < 3":
  version: 2.1.2
  resolution: "safer-buffer@npm:2.1.2"
  checksum: cab8f25ae6f1434abee8d80023d7e72b598cf1327164ddab31003c51215526801e40b66c5e65d658a0af1e9d6478cadcb4c745f4bd6751f97d8644786c0978b0
  languageName: node
  linkType: hard

"setprototypeof@npm:1.2.0":
  version: 1.2.0
  resolution: "setprototypeof@npm:1.2.0"
  checksum: be18cbbf70e7d8097c97f713a2e76edf84e87299b40d085c6bf8b65314e994cc15e2e317727342fa6996e38e1f52c59720b53fe621e2eb593a6847bf0356db89
  languageName: node
  linkType: hard

"source-map-support@npm:^0.5.17":
  version: 0.5.21
  resolution: "source-map-support@npm:0.5.21"
  dependencies:
    buffer-from: ^1.0.0
    source-map: ^0.6.0
  checksum: 43e98d700d79af1d36f859bdb7318e601dfc918c7ba2e98456118ebc4c4872b327773e5a1df09b0524e9e5063bb18f0934538eace60cca2710d1fa687645d137
  languageName: node
  linkType: hard

"source-map@npm:^0.6.0":
  version: 0.6.1
  resolution: "source-map@npm:0.6.1"
  checksum: 59ce8640cf3f3124f64ac289012c2b8bd377c238e316fb323ea22fbfe83da07d81e000071d7242cad7a23cd91c7de98e4df8830ec3f133cb6133a5f6e9f67bc2
  languageName: node
  linkType: hard

"statuses@npm:>= 1.5.0 < 2":
  version: 1.5.0
  resolution: "statuses@npm:1.5.0"
  checksum: c469b9519de16a4bb19600205cffb39ee471a5f17b82589757ca7bd40a8d92ebb6ed9f98b5a540c5d302ccbc78f15dc03cc0280dd6e00df1335568a5d5758a5c
  languageName: node
  linkType: hard

"toidentifier@npm:1.0.1":
  version: 1.0.1
  resolution: "toidentifier@npm:1.0.1"
  checksum: 952c29e2a85d7123239b5cfdd889a0dde47ab0497f0913d70588f19c53f7e0b5327c95f4651e413c74b785147f9637b17410ac8c846d5d4a20a5a33eb6dc3a45
  languageName: node
  linkType: hard

"trouter@npm:^3.1.0":
  version: 3.2.0
  resolution: "trouter@npm:3.2.0"
  dependencies:
    regexparam: ^1.3.0
  checksum: 50beb18d4cf0239fe5ee81368d59f08b25298869d169d39c35b1c1d142e922025e14a648989382da70d4064d2ac7900b4348401caa0a235c3cccabaaa85351ef
  languageName: node
  linkType: hard

"ts-node@npm:8.9.1":
  version: 8.9.1
  resolution: "ts-node@npm:8.9.1"
  dependencies:
    arg: ^4.1.0
    diff: ^4.0.1
    make-error: ^1.1.1
    source-map-support: ^0.5.17
    yn: 3.1.1
  peerDependencies:
    typescript: ">=2.7"
  bin:
    ts-node: dist/bin.js
    ts-node-script: dist/bin-script.js
    ts-node-transpile-only: dist/bin-transpile.js
    ts-script: dist/bin-script-deprecated.js
  checksum: 59997e32cfb84323317f9fd33ff62d025b467ff36c296c3ad1ee54f08fd355c58fab37e096e2a63fd01fced929384b16b9d74bf324713a21844e527ddd5f6c17
  languageName: node
  linkType: hard

"tweetnacl@npm:^1.0.3":
  version: 1.0.3
  resolution: "tweetnacl@npm:1.0.3"
  checksum: e4a57cac188f0c53f24c7a33279e223618a2bfb5fea426231991652a13247bea06b081fd745d71291fcae0f4428d29beba1b984b1f1ce6f66b06a6d1ab90645c
  languageName: node
  linkType: hard

"typescript@npm:4.3.4":
  version: 4.3.4
  resolution: "typescript@npm:4.3.4"
  bin:
    tsc: bin/tsc
    tsserver: bin/tsserver
  checksum: 75e1f2769c7ff38c718523d05eaf1c2611dbf92c0ab0f85f603ead9bb23416af2009a5dac46e76ef6a207a8508fa53f51b43a41f2a91b1241b53cd744c16128c
  languageName: node
  linkType: hard

"typescript@npm:^4.5.4":
  version: 4.5.4
  resolution: "typescript@npm:4.5.4"
  bin:
    tsc: bin/tsc
    tsserver: bin/tsserver
  checksum: 59f3243f9cd6fe3161e6150ff6bf795fc843b4234a655dbd938a310515e0d61afd1ac942799e7415e4334255e41c2c49b7dd5d9fd38a17acd25a6779ca7e0961
  languageName: node
  linkType: hard

"typescript@patch:typescript@4.3.4#~builtin<compat/typescript>":
  version: 4.3.4
  resolution: "typescript@patch:typescript@npm%3A4.3.4#~builtin<compat/typescript>::version=4.3.4&hash=493e53"
  bin:
    tsc: bin/tsc
    tsserver: bin/tsserver
  checksum: 49f3e6734d6f27c1931d3a665439350d9015b28eee87ba26ebcae0ba35fc609962ad8eb0b09f0324366497d65260c4222b8735098325bba46d508b5cab7b4640
  languageName: node
  linkType: hard

"typescript@patch:typescript@^4.5.4#~builtin<compat/typescript>":
  version: 4.5.4
  resolution: "typescript@patch:typescript@npm%3A4.5.4#~builtin<compat/typescript>::version=4.5.4&hash=493e53"
  bin:
    tsc: bin/tsc
    tsserver: bin/tsserver
  checksum: 2e488dde7d2c4a2fa2e79cf2470600f8ce81bc0563c276b72df8ff412d74456ae532ba824650ae936ce207440c79720ddcfaa25e3cb4477572b8534fa4e34d49
  languageName: node
  linkType: hard

"unpipe@npm:1.0.0":
  version: 1.0.0
  resolution: "unpipe@npm:1.0.0"
  checksum: 4fa18d8d8d977c55cb09715385c203197105e10a6d220087ec819f50cb68870f02942244f1017565484237f1f8c5d3cd413631b1ae104d3096f24fdfde1b4aa2
  languageName: node
  linkType: hard

"yn@npm:3.1.1":
  version: 3.1.1
  resolution: "yn@npm:3.1.1"
  checksum: 2c487b0e149e746ef48cda9f8bad10fc83693cd69d7f9dcd8be4214e985de33a29c9e24f3c0d6bcf2288427040a8947406ab27f7af67ee9456e6b84854f02dd6
  languageName: node
  linkType: hard
