# This file is generated by running "yarn install" inside your project.
# Manual changes might be lost - proceed with caution!

__metadata:
  version: 5
  cacheKey: 8

"@types/node@npm:^17.0.2":
  version: 17.0.2
  resolution: "@types/node@npm:17.0.2"
  checksum: a827d2542ef7adba5c79ba7f85b7c2ba8256d317bd99d77ed7af237cfebae0034dff5c4182e1845e6fbef29ae4c78186c4b4a7dbf236037a04120783aa30ba74
  languageName: node
  linkType: hard

"minesweeper-bot@workspace:.":
  version: 0.0.0-use.local
  resolution: "minesweeper-bot@workspace:."
  dependencies:
    "@types/node": ^17.0.2
    typescript: ^4.5.4
  languageName: unknown
  linkType: soft

"typescript@npm:^4.5.4":
  version: 4.5.4
  resolution: "typescript@npm:4.5.4"
  bin:
    tsc: bin/tsc
    tsserver: bin/tsserver
  checksum: 59f3243f9cd6fe3161e6150ff6bf795fc843b4234a655dbd938a310515e0d61afd1ac942799e7415e4334255e41c2c49b7dd5d9fd38a17acd25a6779ca7e0961
  languageName: node
  linkType: hard

"typescript@patch:typescript@^4.5.4#~builtin<compat/typescript>":
  version: 4.5.4
  resolution: "typescript@patch:typescript@npm%3A4.5.4#~builtin<compat/typescript>::version=4.5.4&hash=493e53"
  bin:
    tsc: bin/tsc
    tsserver: bin/tsserver
  checksum: 2e488dde7d2c4a2fa2e79cf2470600f8ce81bc0563c276b72df8ff412d74456ae532ba824650ae936ce207440c79720ddcfaa25e3cb4477572b8534fa4e34d49
  languageName: node
  linkType: hard
